
Microsoft Visual Studio Solution File, Format Version 10.00
# Visual Studio 2008
Project("{FAE04EC0-301F-11D3-BF4B-00C04F79EFBC}") = "NTSSP", "NTSSP\NTSSP.csproj", "{3A116FAA-580E-4EAD-8834-E2CC23676B71}"
EndProject
Project("{FAE04EC0-301F-11D3-BF4B-00C04F79EFBC}") = "SpriteSheetPipeline", "SpriteSheetPipeline\SpriteSheetPipeline.csproj", "{288693A4-E777-4A32-A658-3AB8B48C8511}"
EndProject
Project("{FAE04EC0-301F-11D3-BF4B-00C04F79EFBC}") = "FormationEditor", "FormationEditor\FormationEditor.csproj", "{32E3A55F-B0A9-48DF-BC72-B38EB401CE9F}"
EndProject
Project("{FAE04EC0-301F-11D3-BF4B-00C04F79EFBC}") = "AnimationEngine", "AnimationEngine\AnimationEngine.csproj", "{FFFB7A75-8BA4-4D3F-B31E-B30C76B04167}"
EndProject
Project("{FAE04EC0-301F-11D3-BF4B-00C04F79EFBC}") = "DisplayEngine", "DisplayEngine\DisplayEngine.csproj", "{0B3B340C-2617-4A86-8DC9-E227DD29D2C3}"
EndProject
Project("{FAE04EC0-301F-11D3-BF4B-00C04F79EFBC}") = "TreeViewMS", "TreeViewMS\TreeViewMS.csproj", "{7C2CCE0A-A288-4869-A7B7-CC0D18AF3B8C}"
EndProject
Project("{FAE04EC0-301F-11D3-BF4B-00C04F79EFBC}") = "Data", "Data\Data.csproj", "{09B4E5C4-D94A-4FFE-8391-6DA322663E2E}"
EndProject
Project("{FAE04EC0-301F-11D3-BF4B-00C04F79EFBC}") = "Utils", "Utils\Utils.csproj", "{40AF0EB1-3B68-4640-A29A-71C2A3A32544}"
EndProject
Project("{FAE04EC0-301F-11D3-BF4B-00C04F79EFBC}") = "Input", "Input\Input.csproj", "{45217817-4922-419A-83B7-97CC83C0B7FC}"
EndProject
Project("{FAE04EC0-301F-11D3-BF4B-00C04F79EFBC}") = "ScriptEngine", "ScriptEngine\ScriptEngine.csproj", "{264C6ED9-BFBC-4A31-A6A8-73203B424616}"
EndProject
Project("{FAE04EC0-301F-11D3-BF4B-00C04F79EFBC}") = "DefaultScripts", "DefaultScript\DefaultScripts.csproj", "{D7293ADF-867B-4677-8247-52A32673F7F8}"
EndProject
Global
	GlobalSection(SolutionConfigurationPlatforms) = preSolution
		Debug|Any CPU = Debug|Any CPU
		Debug|Mixed Platforms = Debug|Mixed Platforms
		Debug|x64 = Debug|x64
		Debug|x86 = Debug|x86
		Debug|Xbox 360 = Debug|Xbox 360
		Release|Any CPU = Release|Any CPU
		Release|Mixed Platforms = Release|Mixed Platforms
		Release|x64 = Release|x64
		Release|x86 = Release|x86
		Release|Xbox 360 = Release|Xbox 360
	EndGlobalSection
	GlobalSection(ProjectConfigurationPlatforms) = postSolution
		{3A116FAA-580E-4EAD-8834-E2CC23676B71}.Debug|Any CPU.ActiveCfg = Debug|x86
		{3A116FAA-580E-4EAD-8834-E2CC23676B71}.Debug|Mixed Platforms.ActiveCfg = Debug|x86
		{3A116FAA-580E-4EAD-8834-E2CC23676B71}.Debug|Mixed Platforms.Build.0 = Debug|x86
		{3A116FAA-580E-4EAD-8834-E2CC23676B71}.Debug|x64.ActiveCfg = Debug|x86
		{3A116FAA-580E-4EAD-8834-E2CC23676B71}.Debug|x64.Build.0 = Debug|x86
		{3A116FAA-580E-4EAD-8834-E2CC23676B71}.Debug|x86.ActiveCfg = Debug|x86
		{3A116FAA-580E-4EAD-8834-E2CC23676B71}.Debug|x86.Build.0 = Debug|x86
		{3A116FAA-580E-4EAD-8834-E2CC23676B71}.Debug|Xbox 360.ActiveCfg = Debug|x86
		{3A116FAA-580E-4EAD-8834-E2CC23676B71}.Debug|Xbox 360.Build.0 = Debug|x86
		{3A116FAA-580E-4EAD-8834-E2CC23676B71}.Release|Any CPU.ActiveCfg = Release|x86
		{3A116FAA-580E-4EAD-8834-E2CC23676B71}.Release|Mixed Platforms.ActiveCfg = Release|x86
		{3A116FAA-580E-4EAD-8834-E2CC23676B71}.Release|Mixed Platforms.Build.0 = Release|x86
		{3A116FAA-580E-4EAD-8834-E2CC23676B71}.Release|x64.ActiveCfg = Release|x86
		{3A116FAA-580E-4EAD-8834-E2CC23676B71}.Release|x86.ActiveCfg = Release|x86
		{3A116FAA-580E-4EAD-8834-E2CC23676B71}.Release|x86.Build.0 = Release|x86
		{3A116FAA-580E-4EAD-8834-E2CC23676B71}.Release|Xbox 360.ActiveCfg = Release|x86
		{288693A4-E777-4A32-A658-3AB8B48C8511}.Debug|Any CPU.ActiveCfg = Debug|Xbox 360
		{288693A4-E777-4A32-A658-3AB8B48C8511}.Debug|Any CPU.Build.0 = Debug|Xbox 360
		{288693A4-E777-4A32-A658-3AB8B48C8511}.Debug|Mixed Platforms.ActiveCfg = Debug|Any CPU
		{288693A4-E777-4A32-A658-3AB8B48C8511}.Debug|Mixed Platforms.Build.0 = Debug|Any CPU
		{288693A4-E777-4A32-A658-3AB8B48C8511}.Debug|x64.ActiveCfg = Debug|x64
		{288693A4-E777-4A32-A658-3AB8B48C8511}.Debug|x64.Build.0 = Debug|x64
		{288693A4-E777-4A32-A658-3AB8B48C8511}.Debug|x86.ActiveCfg = Debug|x86
		{288693A4-E777-4A32-A658-3AB8B48C8511}.Debug|x86.Build.0 = Debug|x86
		{288693A4-E777-4A32-A658-3AB8B48C8511}.Debug|Xbox 360.ActiveCfg = Debug|Xbox 360
		{288693A4-E777-4A32-A658-3AB8B48C8511}.Debug|Xbox 360.Build.0 = Debug|Xbox 360
		{288693A4-E777-4A32-A658-3AB8B48C8511}.Release|Any CPU.ActiveCfg = Release|Any CPU
		{288693A4-E777-4A32-A658-3AB8B48C8511}.Release|Any CPU.Build.0 = Release|Any CPU
		{288693A4-E777-4A32-A658-3AB8B48C8511}.Release|Mixed Platforms.ActiveCfg = Release|Any CPU
		{288693A4-E777-4A32-A658-3AB8B48C8511}.Release|Mixed Platforms.Build.0 = Release|Any CPU
		{288693A4-E777-4A32-A658-3AB8B48C8511}.Release|x64.ActiveCfg = Release|x64
		{288693A4-E777-4A32-A658-3AB8B48C8511}.Release|x64.Build.0 = Release|x64
		{288693A4-E777-4A32-A658-3AB8B48C8511}.Release|x86.ActiveCfg = Release|x86
		{288693A4-E777-4A32-A658-3AB8B48C8511}.Release|x86.Build.0 = Release|x86
		{288693A4-E777-4A32-A658-3AB8B48C8511}.Release|Xbox 360.ActiveCfg = Release|Xbox 360
		{288693A4-E777-4A32-A658-3AB8B48C8511}.Release|Xbox 360.Build.0 = Release|Xbox 360
		{32E3A55F-B0A9-48DF-BC72-B38EB401CE9F}.Debug|Any CPU.ActiveCfg = Debug|Any CPU
		{32E3A55F-B0A9-48DF-BC72-B38EB401CE9F}.Debug|Any CPU.Build.0 = Debug|Any CPU
		{32E3A55F-B0A9-48DF-BC72-B38EB401CE9F}.Debug|Mixed Platforms.ActiveCfg = Debug|Any CPU
		{32E3A55F-B0A9-48DF-BC72-B38EB401CE9F}.Debug|Mixed Platforms.Build.0 = Debug|Any CPU
		{32E3A55F-B0A9-48DF-BC72-B38EB401CE9F}.Debug|x64.ActiveCfg = Debug|x64
		{32E3A55F-B0A9-48DF-BC72-B38EB401CE9F}.Debug|x64.Build.0 = Debug|x64
		{32E3A55F-B0A9-48DF-BC72-B38EB401CE9F}.Debug|x86.ActiveCfg = Debug|Any CPU
		{32E3A55F-B0A9-48DF-BC72-B38EB401CE9F}.Debug|x86.Build.0 = Debug|Any CPU
		{32E3A55F-B0A9-48DF-BC72-B38EB401CE9F}.Debug|Xbox 360.ActiveCfg = Debug|Any CPU
		{32E3A55F-B0A9-48DF-BC72-B38EB401CE9F}.Release|Any CPU.ActiveCfg = Release|Any CPU
		{32E3A55F-B0A9-48DF-BC72-B38EB401CE9F}.Release|Any CPU.Build.0 = Release|Any CPU
		{32E3A55F-B0A9-48DF-BC72-B38EB401CE9F}.Release|Mixed Platforms.ActiveCfg = Release|Any CPU
		{32E3A55F-B0A9-48DF-BC72-B38EB401CE9F}.Release|Mixed Platforms.Build.0 = Release|Any CPU
		{32E3A55F-B0A9-48DF-BC72-B38EB401CE9F}.Release|x64.ActiveCfg = Release|x64
		{32E3A55F-B0A9-48DF-BC72-B38EB401CE9F}.Release|x64.Build.0 = Release|x64
		{32E3A55F-B0A9-48DF-BC72-B38EB401CE9F}.Release|x86.ActiveCfg = Release|Any CPU
		{32E3A55F-B0A9-48DF-BC72-B38EB401CE9F}.Release|Xbox 360.ActiveCfg = Release|Any CPU
		{FFFB7A75-8BA4-4D3F-B31E-B30C76B04167}.Debug|Any CPU.ActiveCfg = Debug|x86
		{FFFB7A75-8BA4-4D3F-B31E-B30C76B04167}.Debug|Mixed Platforms.ActiveCfg = Debug|x86
		{FFFB7A75-8BA4-4D3F-B31E-B30C76B04167}.Debug|Mixed Platforms.Build.0 = Debug|x86
		{FFFB7A75-8BA4-4D3F-B31E-B30C76B04167}.Debug|x64.ActiveCfg = Debug|x86
		{FFFB7A75-8BA4-4D3F-B31E-B30C76B04167}.Debug|x64.Build.0 = Debug|x86
		{FFFB7A75-8BA4-4D3F-B31E-B30C76B04167}.Debug|x86.ActiveCfg = Debug|x86
		{FFFB7A75-8BA4-4D3F-B31E-B30C76B04167}.Debug|x86.Build.0 = Debug|x86
		{FFFB7A75-8BA4-4D3F-B31E-B30C76B04167}.Debug|Xbox 360.ActiveCfg = Debug|x86
		{FFFB7A75-8BA4-4D3F-B31E-B30C76B04167}.Release|Any CPU.ActiveCfg = Release|x86
		{FFFB7A75-8BA4-4D3F-B31E-B30C76B04167}.Release|Mixed Platforms.ActiveCfg = Release|x86
		{FFFB7A75-8BA4-4D3F-B31E-B30C76B04167}.Release|Mixed Platforms.Build.0 = Release|x86
		{FFFB7A75-8BA4-4D3F-B31E-B30C76B04167}.Release|x64.ActiveCfg = Release|x86
		{FFFB7A75-8BA4-4D3F-B31E-B30C76B04167}.Release|x86.ActiveCfg = Release|x86
		{FFFB7A75-8BA4-4D3F-B31E-B30C76B04167}.Release|x86.Build.0 = Release|x86
		{FFFB7A75-8BA4-4D3F-B31E-B30C76B04167}.Release|Xbox 360.ActiveCfg = Release|x86
		{0B3B340C-2617-4A86-8DC9-E227DD29D2C3}.Debug|Any CPU.ActiveCfg = Debug|x86
		{0B3B340C-2617-4A86-8DC9-E227DD29D2C3}.Debug|Mixed Platforms.ActiveCfg = Debug|x86
		{0B3B340C-2617-4A86-8DC9-E227DD29D2C3}.Debug|Mixed Platforms.Build.0 = Debug|x86
		{0B3B340C-2617-4A86-8DC9-E227DD29D2C3}.Debug|x64.ActiveCfg = Debug|x86
		{0B3B340C-2617-4A86-8DC9-E227DD29D2C3}.Debug|x64.Build.0 = Debug|x86
		{0B3B340C-2617-4A86-8DC9-E227DD29D2C3}.Debug|x86.ActiveCfg = Debug|x86
		{0B3B340C-2617-4A86-8DC9-E227DD29D2C3}.Debug|x86.Build.0 = Debug|x86
		{0B3B340C-2617-4A86-8DC9-E227DD29D2C3}.Debug|Xbox 360.ActiveCfg = Debug|x86
		{0B3B340C-2617-4A86-8DC9-E227DD29D2C3}.Release|Any CPU.ActiveCfg = Release|x86
		{0B3B340C-2617-4A86-8DC9-E227DD29D2C3}.Release|Mixed Platforms.ActiveCfg = Release|x86
		{0B3B340C-2617-4A86-8DC9-E227DD29D2C3}.Release|Mixed Platforms.Build.0 = Release|x86
		{0B3B340C-2617-4A86-8DC9-E227DD29D2C3}.Release|x64.ActiveCfg = Release|x86
		{0B3B340C-2617-4A86-8DC9-E227DD29D2C3}.Release|x86.ActiveCfg = Release|x86
		{0B3B340C-2617-4A86-8DC9-E227DD29D2C3}.Release|x86.Build.0 = Release|x86
		{0B3B340C-2617-4A86-8DC9-E227DD29D2C3}.Release|Xbox 360.ActiveCfg = Release|x86
		{7C2CCE0A-A288-4869-A7B7-CC0D18AF3B8C}.Debug|Any CPU.ActiveCfg = Debug|Any CPU
		{7C2CCE0A-A288-4869-A7B7-CC0D18AF3B8C}.Debug|Any CPU.Build.0 = Debug|Any CPU
		{7C2CCE0A-A288-4869-A7B7-CC0D18AF3B8C}.Debug|Mixed Platforms.ActiveCfg = Debug|Any CPU
		{7C2CCE0A-A288-4869-A7B7-CC0D18AF3B8C}.Debug|Mixed Platforms.Build.0 = Debug|Any CPU
		{7C2CCE0A-A288-4869-A7B7-CC0D18AF3B8C}.Debug|x64.ActiveCfg = Debug|x64
		{7C2CCE0A-A288-4869-A7B7-CC0D18AF3B8C}.Debug|x64.Build.0 = Debug|x64
		{7C2CCE0A-A288-4869-A7B7-CC0D18AF3B8C}.Debug|x86.ActiveCfg = Debug|Any CPU
		{7C2CCE0A-A288-4869-A7B7-CC0D18AF3B8C}.Debug|x86.Build.0 = Debug|Any CPU
		{7C2CCE0A-A288-4869-A7B7-CC0D18AF3B8C}.Debug|Xbox 360.ActiveCfg = Debug|Any CPU
		{7C2CCE0A-A288-4869-A7B7-CC0D18AF3B8C}.Release|Any CPU.ActiveCfg = Release|Any CPU
		{7C2CCE0A-A288-4869-A7B7-CC0D18AF3B8C}.Release|Any CPU.Build.0 = Release|Any CPU
		{7C2CCE0A-A288-4869-A7B7-CC0D18AF3B8C}.Release|Mixed Platforms.ActiveCfg = Release|Any CPU
		{7C2CCE0A-A288-4869-A7B7-CC0D18AF3B8C}.Release|Mixed Platforms.Build.0 = Release|Any CPU
		{7C2CCE0A-A288-4869-A7B7-CC0D18AF3B8C}.Release|x64.ActiveCfg = Release|x64
		{7C2CCE0A-A288-4869-A7B7-CC0D18AF3B8C}.Release|x64.Build.0 = Release|x64
		{7C2CCE0A-A288-4869-A7B7-CC0D18AF3B8C}.Release|x86.ActiveCfg = Release|Any CPU
		{7C2CCE0A-A288-4869-A7B7-CC0D18AF3B8C}.Release|Xbox 360.ActiveCfg = Release|Any CPU
		{09B4E5C4-D94A-4FFE-8391-6DA322663E2E}.Debug|Any CPU.ActiveCfg = Debug|x86
		{09B4E5C4-D94A-4FFE-8391-6DA322663E2E}.Debug|Mixed Platforms.ActiveCfg = Debug|x86
		{09B4E5C4-D94A-4FFE-8391-6DA322663E2E}.Debug|Mixed Platforms.Build.0 = Debug|x86
		{09B4E5C4-D94A-4FFE-8391-6DA322663E2E}.Debug|x64.ActiveCfg = Debug|x86
		{09B4E5C4-D94A-4FFE-8391-6DA322663E2E}.Debug|x64.Build.0 = Debug|x86
		{09B4E5C4-D94A-4FFE-8391-6DA322663E2E}.Debug|x86.ActiveCfg = Debug|x86
		{09B4E5C4-D94A-4FFE-8391-6DA322663E2E}.Debug|x86.Build.0 = Debug|x86
		{09B4E5C4-D94A-4FFE-8391-6DA322663E2E}.Debug|Xbox 360.ActiveCfg = Debug|x86
		{09B4E5C4-D94A-4FFE-8391-6DA322663E2E}.Release|Any CPU.ActiveCfg = Release|x86
		{09B4E5C4-D94A-4FFE-8391-6DA322663E2E}.Release|Mixed Platforms.ActiveCfg = Release|x86
		{09B4E5C4-D94A-4FFE-8391-6DA322663E2E}.Release|Mixed Platforms.Build.0 = Release|x86
		{09B4E5C4-D94A-4FFE-8391-6DA322663E2E}.Release|x64.ActiveCfg = Release|x86
		{09B4E5C4-D94A-4FFE-8391-6DA322663E2E}.Release|x86.ActiveCfg = Release|x86
		{09B4E5C4-D94A-4FFE-8391-6DA322663E2E}.Release|x86.Build.0 = Release|x86
		{09B4E5C4-D94A-4FFE-8391-6DA322663E2E}.Release|Xbox 360.ActiveCfg = Release|x86
		{40AF0EB1-3B68-4640-A29A-71C2A3A32544}.Debug|Any CPU.ActiveCfg = Debug|x86
		{40AF0EB1-3B68-4640-A29A-71C2A3A32544}.Debug|Mixed Platforms.ActiveCfg = Debug|x86
		{40AF0EB1-3B68-4640-A29A-71C2A3A32544}.Debug|Mixed Platforms.Build.0 = Debug|x86
		{40AF0EB1-3B68-4640-A29A-71C2A3A32544}.Debug|x64.ActiveCfg = Debug|x86
		{40AF0EB1-3B68-4640-A29A-71C2A3A32544}.Debug|x64.Build.0 = Debug|x86
		{40AF0EB1-3B68-4640-A29A-71C2A3A32544}.Debug|x86.ActiveCfg = Debug|x86
		{40AF0EB1-3B68-4640-A29A-71C2A3A32544}.Debug|x86.Build.0 = Debug|x86
		{40AF0EB1-3B68-4640-A29A-71C2A3A32544}.Debug|Xbox 360.ActiveCfg = Debug|x86
		{40AF0EB1-3B68-4640-A29A-71C2A3A32544}.Release|Any CPU.ActiveCfg = Release|x86
		{40AF0EB1-3B68-4640-A29A-71C2A3A32544}.Release|Mixed Platforms.ActiveCfg = Release|x86
		{40AF0EB1-3B68-4640-A29A-71C2A3A32544}.Release|Mixed Platforms.Build.0 = Release|x86
		{40AF0EB1-3B68-4640-A29A-71C2A3A32544}.Release|x64.ActiveCfg = Release|x86
		{40AF0EB1-3B68-4640-A29A-71C2A3A32544}.Release|x86.ActiveCfg = Release|x86
		{40AF0EB1-3B68-4640-A29A-71C2A3A32544}.Release|x86.Build.0 = Release|x86
		{40AF0EB1-3B68-4640-A29A-71C2A3A32544}.Release|Xbox 360.ActiveCfg = Release|x86
		{45217817-4922-419A-83B7-97CC83C0B7FC}.Debug|Any CPU.ActiveCfg = Debug|x86
		{45217817-4922-419A-83B7-97CC83C0B7FC}.Debug|Mixed Platforms.ActiveCfg = Debug|x86
		{45217817-4922-419A-83B7-97CC83C0B7FC}.Debug|Mixed Platforms.Build.0 = Debug|x86
		{45217817-4922-419A-83B7-97CC83C0B7FC}.Debug|x64.ActiveCfg = Debug|x86
		{45217817-4922-419A-83B7-97CC83C0B7FC}.Debug|x86.ActiveCfg = Debug|x86
		{45217817-4922-419A-83B7-97CC83C0B7FC}.Debug|x86.Build.0 = Debug|x86
		{45217817-4922-419A-83B7-97CC83C0B7FC}.Debug|Xbox 360.ActiveCfg = Debug|x86
		{45217817-4922-419A-83B7-97CC83C0B7FC}.Release|Any CPU.ActiveCfg = Release|x86
		{45217817-4922-419A-83B7-97CC83C0B7FC}.Release|Mixed Platforms.ActiveCfg = Release|x86
		{45217817-4922-419A-83B7-97CC83C0B7FC}.Release|Mixed Platforms.Build.0 = Release|x86
		{45217817-4922-419A-83B7-97CC83C0B7FC}.Release|x64.ActiveCfg = Release|x86
		{45217817-4922-419A-83B7-97CC83C0B7FC}.Release|x86.ActiveCfg = Release|x86
		{45217817-4922-419A-83B7-97CC83C0B7FC}.Release|x86.Build.0 = Release|x86
		{45217817-4922-419A-83B7-97CC83C0B7FC}.Release|Xbox 360.ActiveCfg = Release|x86
		{264C6ED9-BFBC-4A31-A6A8-73203B424616}.Debug|Any CPU.ActiveCfg = Debug|x86
		{264C6ED9-BFBC-4A31-A6A8-73203B424616}.Debug|Mixed Platforms.ActiveCfg = Debug|x86
		{264C6ED9-BFBC-4A31-A6A8-73203B424616}.Debug|Mixed Platforms.Build.0 = Debug|x86
		{264C6ED9-BFBC-4A31-A6A8-73203B424616}.Debug|x64.ActiveCfg = Debug|x86
		{264C6ED9-BFBC-4A31-A6A8-73203B424616}.Debug|x86.ActiveCfg = Debug|x86
		{264C6ED9-BFBC-4A31-A6A8-73203B424616}.Debug|x86.Build.0 = Debug|x86
		{264C6ED9-BFBC-4A31-A6A8-73203B424616}.Debug|Xbox 360.ActiveCfg = Debug|x86
		{264C6ED9-BFBC-4A31-A6A8-73203B424616}.Release|Any CPU.ActiveCfg = Release|x86
		{264C6ED9-BFBC-4A31-A6A8-73203B424616}.Release|Mixed Platforms.ActiveCfg = Release|x86
		{264C6ED9-BFBC-4A31-A6A8-73203B424616}.Release|Mixed Platforms.Build.0 = Release|x86
		{264C6ED9-BFBC-4A31-A6A8-73203B424616}.Release|x64.ActiveCfg = Release|x86
		{264C6ED9-BFBC-4A31-A6A8-73203B424616}.Release|x86.ActiveCfg = Release|x86
		{264C6ED9-BFBC-4A31-A6A8-73203B424616}.Release|x86.Build.0 = Release|x86
		{264C6ED9-BFBC-4A31-A6A8-73203B424616}.Release|Xbox 360.ActiveCfg = Release|x86
		{EEFC203A-506B-4730-9481-EBE0F9C47CE0}.Debug|Any CPU.ActiveCfg = Debug|x86
		{EEFC203A-506B-4730-9481-EBE0F9C47CE0}.Debug|Mixed Platforms.ActiveCfg = Debug|x86
		{EEFC203A-506B-4730-9481-EBE0F9C47CE0}.Debug|x64.ActiveCfg = Debug|x86
		{EEFC203A-506B-4730-9481-EBE0F9C47CE0}.Debug|x86.ActiveCfg = Debug|x86
		{EEFC203A-506B-4730-9481-EBE0F9C47CE0}.Debug|Xbox 360.ActiveCfg = Debug|x86
		{EEFC203A-506B-4730-9481-EBE0F9C47CE0}.Release|Any CPU.ActiveCfg = Release|x86
		{EEFC203A-506B-4730-9481-EBE0F9C47CE0}.Release|Mixed Platforms.ActiveCfg = Release|x86
		{EEFC203A-506B-4730-9481-EBE0F9C47CE0}.Release|x64.ActiveCfg = Release|x86
		{EEFC203A-506B-4730-9481-EBE0F9C47CE0}.Release|x86.ActiveCfg = Release|x86
		{EEFC203A-506B-4730-9481-EBE0F9C47CE0}.Release|Xbox 360.ActiveCfg = Release|x86
		{578795FB-2263-4620-AA81-E9546A949792}.Debug|Any CPU.ActiveCfg = Debug|x86
		{578795FB-2263-4620-AA81-E9546A949792}.Debug|Mixed Platforms.ActiveCfg = Debug|x86
		{578795FB-2263-4620-AA81-E9546A949792}.Debug|x64.ActiveCfg = Debug|x86
		{578795FB-2263-4620-AA81-E9546A949792}.Debug|x86.ActiveCfg = Debug|x86
		{578795FB-2263-4620-AA81-E9546A949792}.Debug|Xbox 360.ActiveCfg = Debug|x86
		{578795FB-2263-4620-AA81-E9546A949792}.Release|Any CPU.ActiveCfg = Release|x86
		{578795FB-2263-4620-AA81-E9546A949792}.Release|Mixed Platforms.ActiveCfg = Release|x86
		{578795FB-2263-4620-AA81-E9546A949792}.Release|x64.ActiveCfg = Release|x86
		{578795FB-2263-4620-AA81-E9546A949792}.Release|x86.ActiveCfg = Release|x86
		{578795FB-2263-4620-AA81-E9546A949792}.Release|Xbox 360.ActiveCfg = Release|x86
		{5983B242-EB33-473D-9944-72DA1D0321FA}.Debug|Any CPU.ActiveCfg = Debug|x86
		{5983B242-EB33-473D-9944-72DA1D0321FA}.Debug|Mixed Platforms.ActiveCfg = Debug|x86
		{5983B242-EB33-473D-9944-72DA1D0321FA}.Debug|x64.ActiveCfg = Debug|x86
		{5983B242-EB33-473D-9944-72DA1D0321FA}.Debug|x86.ActiveCfg = Debug|x86
		{5983B242-EB33-473D-9944-72DA1D0321FA}.Debug|Xbox 360.ActiveCfg = Debug|x86
		{5983B242-EB33-473D-9944-72DA1D0321FA}.Release|Any CPU.ActiveCfg = Release|x86
		{5983B242-EB33-473D-9944-72DA1D0321FA}.Release|Mixed Platforms.ActiveCfg = Release|x86
		{5983B242-EB33-473D-9944-72DA1D0321FA}.Release|x64.ActiveCfg = Release|x86
		{5983B242-EB33-473D-9944-72DA1D0321FA}.Release|x86.ActiveCfg = Release|x86
		{5983B242-EB33-473D-9944-72DA1D0321FA}.Release|Xbox 360.ActiveCfg = Release|x86
		{B8FF8A85-BCA3-4E19-B2EC-6E4DCEB4801B}.Debug|Any CPU.ActiveCfg = Debug|x86
		{B8FF8A85-BCA3-4E19-B2EC-6E4DCEB4801B}.Debug|Mixed Platforms.ActiveCfg = Debug|x86
		{B8FF8A85-BCA3-4E19-B2EC-6E4DCEB4801B}.Debug|x64.ActiveCfg = Debug|x86
		{B8FF8A85-BCA3-4E19-B2EC-6E4DCEB4801B}.Debug|x86.ActiveCfg = Debug|x86
		{B8FF8A85-BCA3-4E19-B2EC-6E4DCEB4801B}.Debug|Xbox 360.ActiveCfg = Debug|x86
		{B8FF8A85-BCA3-4E19-B2EC-6E4DCEB4801B}.Release|Any CPU.ActiveCfg = Release|x86
		{B8FF8A85-BCA3-4E19-B2EC-6E4DCEB4801B}.Release|Mixed Platforms.ActiveCfg = Release|x86
		{B8FF8A85-BCA3-4E19-B2EC-6E4DCEB4801B}.Release|x64.ActiveCfg = Release|x86
		{B8FF8A85-BCA3-4E19-B2EC-6E4DCEB4801B}.Release|x86.ActiveCfg = Release|x86
		{B8FF8A85-BCA3-4E19-B2EC-6E4DCEB4801B}.Release|Xbox 360.ActiveCfg = Release|x86
		{4C1FB5B6-2F04-4708-A0EE-B6E0990A6799}.Debug|Any CPU.ActiveCfg = Debug|x86
		{4C1FB5B6-2F04-4708-A0EE-B6E0990A6799}.Debug|Mixed Platforms.ActiveCfg = Debug|x86
		{4C1FB5B6-2F04-4708-A0EE-B6E0990A6799}.Debug|x64.ActiveCfg = Debug|x86
		{4C1FB5B6-2F04-4708-A0EE-B6E0990A6799}.Debug|x86.ActiveCfg = Debug|x86
		{4C1FB5B6-2F04-4708-A0EE-B6E0990A6799}.Debug|Xbox 360.ActiveCfg = Debug|x86
		{4C1FB5B6-2F04-4708-A0EE-B6E0990A6799}.Release|Any CPU.ActiveCfg = Release|x86
		{4C1FB5B6-2F04-4708-A0EE-B6E0990A6799}.Release|Mixed Platforms.ActiveCfg = Release|x86
		{4C1FB5B6-2F04-4708-A0EE-B6E0990A6799}.Release|x64.ActiveCfg = Release|x86
		{4C1FB5B6-2F04-4708-A0EE-B6E0990A6799}.Release|x86.ActiveCfg = Release|x86
		{4C1FB5B6-2F04-4708-A0EE-B6E0990A6799}.Release|Xbox 360.ActiveCfg = Release|x86
		{22784126-3178-4D94-A0BF-F285B0875B3F}.Debug|Any CPU.ActiveCfg = Debug|x86
		{22784126-3178-4D94-A0BF-F285B0875B3F}.Debug|Mixed Platforms.ActiveCfg = Debug|x86
		{22784126-3178-4D94-A0BF-F285B0875B3F}.Debug|x64.ActiveCfg = Debug|x86
		{22784126-3178-4D94-A0BF-F285B0875B3F}.Debug|x86.ActiveCfg = Debug|x86
		{22784126-3178-4D94-A0BF-F285B0875B3F}.Debug|Xbox 360.ActiveCfg = Debug|x86
		{22784126-3178-4D94-A0BF-F285B0875B3F}.Release|Any CPU.ActiveCfg = Release|x86
		{22784126-3178-4D94-A0BF-F285B0875B3F}.Release|Mixed Platforms.ActiveCfg = Release|x86
		{22784126-3178-4D94-A0BF-F285B0875B3F}.Release|x64.ActiveCfg = Release|x86
		{22784126-3178-4D94-A0BF-F285B0875B3F}.Release|x86.ActiveCfg = Release|x86
		{22784126-3178-4D94-A0BF-F285B0875B3F}.Release|Xbox 360.ActiveCfg = Release|x86
		{890273FE-0C43-4889-8311-92826EA933F8}.Debug|Any CPU.ActiveCfg = Debug|x86
		{890273FE-0C43-4889-8311-92826EA933F8}.Debug|Mixed Platforms.ActiveCfg = Debug|x86
		{890273FE-0C43-4889-8311-92826EA933F8}.Debug|x64.ActiveCfg = Debug|x86
		{890273FE-0C43-4889-8311-92826EA933F8}.Debug|x86.ActiveCfg = Debug|x86
		{890273FE-0C43-4889-8311-92826EA933F8}.Debug|Xbox 360.ActiveCfg = Debug|x86
		{890273FE-0C43-4889-8311-92826EA933F8}.Release|Any CPU.ActiveCfg = Release|x86
		{890273FE-0C43-4889-8311-92826EA933F8}.Release|Mixed Platforms.ActiveCfg = Release|x86
		{890273FE-0C43-4889-8311-92826EA933F8}.Release|x64.ActiveCfg = Release|x86
		{890273FE-0C43-4889-8311-92826EA933F8}.Release|x86.ActiveCfg = Release|x86
		{890273FE-0C43-4889-8311-92826EA933F8}.Release|Xbox 360.ActiveCfg = Release|x86
		{D7293ADF-867B-4677-8247-52A32673F7F8}.Debug|Any CPU.ActiveCfg = Debug|x86
		{D7293ADF-867B-4677-8247-52A32673F7F8}.Debug|Mixed Platforms.ActiveCfg = Debug|x86
		{D7293ADF-867B-4677-8247-52A32673F7F8}.Debug|Mixed Platforms.Build.0 = Debug|x86
		{D7293ADF-867B-4677-8247-52A32673F7F8}.Debug|x64.ActiveCfg = Debug|x86
		{D7293ADF-867B-4677-8247-52A32673F7F8}.Debug|x86.ActiveCfg = Debug|x86
		{D7293ADF-867B-4677-8247-52A32673F7F8}.Debug|x86.Build.0 = Debug|x86
		{D7293ADF-867B-4677-8247-52A32673F7F8}.Debug|Xbox 360.ActiveCfg = Debug|x86
		{D7293ADF-867B-4677-8247-52A32673F7F8}.Release|Any CPU.ActiveCfg = Release|x86
		{D7293ADF-867B-4677-8247-52A32673F7F8}.Release|Mixed Platforms.ActiveCfg = Release|x86
		{D7293ADF-867B-4677-8247-52A32673F7F8}.Release|Mixed Platforms.Build.0 = Release|x86
		{D7293ADF-867B-4677-8247-52A32673F7F8}.Release|x64.ActiveCfg = Release|x86
		{D7293ADF-867B-4677-8247-52A32673F7F8}.Release|x86.ActiveCfg = Release|x86
		{D7293ADF-867B-4677-8247-52A32673F7F8}.Release|x86.Build.0 = Release|x86
		{D7293ADF-867B-4677-8247-52A32673F7F8}.Release|Xbox 360.ActiveCfg = Release|x86
		{BDF55DA4-9646-4B47-8DB2-FBC35C031509}.Debug|Any CPU.ActiveCfg = Debug|x86
		{BDF55DA4-9646-4B47-8DB2-FBC35C031509}.Debug|Mixed Platforms.ActiveCfg = Debug|x86
		{BDF55DA4-9646-4B47-8DB2-FBC35C031509}.Debug|x64.ActiveCfg = Debug|x86
		{BDF55DA4-9646-4B47-8DB2-FBC35C031509}.Debug|x86.ActiveCfg = Debug|x86
		{BDF55DA4-9646-4B47-8DB2-FBC35C031509}.Debug|Xbox 360.ActiveCfg = Debug|x86
		{BDF55DA4-9646-4B47-8DB2-FBC35C031509}.Release|Any CPU.ActiveCfg = Release|x86
		{BDF55DA4-9646-4B47-8DB2-FBC35C031509}.Release|Mixed Platforms.ActiveCfg = Release|x86
		{BDF55DA4-9646-4B47-8DB2-FBC35C031509}.Release|x64.ActiveCfg = Release|x86
		{BDF55DA4-9646-4B47-8DB2-FBC35C031509}.Release|x86.ActiveCfg = Release|x86
		{BDF55DA4-9646-4B47-8DB2-FBC35C031509}.Release|Xbox 360.ActiveCfg = Release|x86
	EndGlobalSection
	GlobalSection(SolutionProperties) = preSolution
		HideSolutionNode = FALSE
	EndGlobalSection
EndGlobal
